[{<<"config_app">>,
  {git,"git://github.com/joq62/config_app.git",
       {ref,"ae7632ac14f116dfcf7950d8b3d73ae6770c7893"}},
  0},
 {<<"flatlog">>,
  {git,"git://github.com/ferd/flatlog.git",
       {ref,"553ef2b09c8a3d2b02c7395251cee397f7cb3839"}},
  0},
 {<<"log_app">>,
  {git,"git://github.com/joq62/log_app.git",
       {ref,"583be0206fde78244d1658c9bf28e92a1637f9eb"}},
  0},
 {<<"sd_app">>,
  {git,"git://github.com/joq62/sd_app.git",
       {ref,"371a53fcd894a6e7026fa3d50d70f4f52587be3f"}},
  0},
 {<<"service_app">>,
  {git,"git://github.com/joq62/service_app.git",
       {ref,"6b284d19595508d7696d69d7a1cdfce5cce0e61c"}},
  0}].
